// !$*UTF8*$!
{
	archiveVersion = 1;
	classes = {
	};
	objectVersion = 50;
	objects = {

/* Begin PBXBuildFile section */
		5119F28C22020E8D0060B268 /* TestMyApplication.swift in Sources */ = {isa = PBXBuildFile; fileRef = 5119F28B22020E8D0060B268 /* TestMyApplication.swift */; };
		5176B1DD2202008C008B9F1E /* AppDelegate.swift in Sources */ = {isa = PBXBuildFile; fileRef = 5176B1DC2202008C008B9F1E /* AppDelegate.swift */; };
		5176B1DF2202008C008B9F1E /* ViewController.swift in Sources */ = {isa = PBXBuildFile; fileRef = 5176B1DE2202008C008B9F1E /* ViewController.swift */; };
		5176B1E22202008C008B9F1E /* Main.storyboard in Resources */ = {isa = PBXBuildFile; fileRef = 5176B1E02202008C008B9F1E /* Main.storyboard */; };
		5176B1E42202008E008B9F1E /* Assets.xcassets in Resources */ = {isa = PBXBuildFile; fileRef = 5176B1E32202008E008B9F1E /* Assets.xcassets */; };
		5176B1E72202008E008B9F1E /* LaunchScreen.storyboard in Resources */ = {isa = PBXBuildFile; fileRef = 5176B1E52202008E008B9F1E /* LaunchScreen.storyboard */; };
		5176B1F22202008E008B9F1E /* XCodeUnitTestingTests.swift in Sources */ = {isa = PBXBuildFile; fileRef = 5176B1F12202008E008B9F1E /* XCodeUnitTestingTests.swift */; };
		5176B1FD2202008E008B9F1E /* XCodeUnitTestingUITests.swift in Sources */ = {isa = PBXBuildFile; fileRef = 5176B1FC2202008E008B9F1E /* XCodeUnitTestingUITests.swift */; };
		5187C8A6220A66E9001B6118 /* MyObjectiveC.m in Sources */ = {isa = PBXBuildFile; fileRef = 5187C8A5220A66E9001B6118 /* MyObjectiveC.m */; };
		5187C8A9220A66FC001B6118 /* MyCPPClass.cpp in Sources */ = {isa = PBXBuildFile; fileRef = 5187C8A8220A66FC001B6118 /* MyCPPClass.cpp */; };
/* End PBXBuildFile section */

/* Begin PBXContainerItemProxy section */
		5176B1EE2202008E008B9F1E /* PBXContainerItemProxy */ = {
			isa = PBXContainerItemProxy;
			containerPortal = 5176B1D12202008C008B9F1E /* Project object */;
			proxyType = 1;
			remoteGlobalIDString = 5176B1D82202008C008B9F1E;
			remoteInfo = XCodeUnitTesting;
		};
		5176B1F92202008E008B9F1E /* PBXContainerItemProxy */ = {
			isa = PBXContainerItemProxy;
			containerPortal = 5176B1D12202008C008B9F1E /* Project object */;
			proxyType = 1;
			remoteGlobalIDString = 5176B1D82202008C008B9F1E;
			remoteInfo = XCodeUnitTesting;
		};
/* End PBXContainerItemProxy section */

/* Begin PBXFileReference section */
		5119F28B22020E8D0060B268 /* TestMyApplication.swift */ = {isa = PBXFileReference; lastKnownFileType = sourcecode.swift; path = TestMyApplication.swift; sourceTree = "<group>"; };
		5176B1D92202008C008B9F1E /* XCodeUnitTesting.app */ = {isa = PBXFileReference; explicitFileType = wrapper.application; includeInIndex = 0; path = XCodeUnitTesting.app; sourceTree = BUILT_PRODUCTS_DIR; };
		5176B1DC2202008C008B9F1E /* AppDelegate.swift */ = {isa = PBXFileReference; lastKnownFileType = sourcecode.swift; path = AppDelegate.swift; sourceTree = "<group>"; };
		5176B1DE2202008C008B9F1E /* ViewController.swift */ = {isa = PBXFileReference; lastKnownFileType = sourcecode.swift; path = ViewController.swift; sourceTree = "<group>"; };
		5176B1E12202008C008B9F1E /* Base */ = {isa = PBXFileReference; lastKnownFileType = file.storyboard; name = Base; path = Base.lproj/Main.storyboard; sourceTree = "<group>"; };
		5176B1E32202008E008B9F1E /* Assets.xcassets */ = {isa = PBXFileReference; lastKnownFileType = folder.assetcatalog; path = Assets.xcassets; sourceTree = "<group>"; };
		5176B1E62202008E008B9F1E /* Base */ = {isa = PBXFileReference; lastKnownFileType = file.storyboard; name = Base; path = Base.lproj/LaunchScreen.storyboard; sourceTree = "<group>"; };
		5176B1E82202008E008B9F1E /* Info.plist */ = {isa = PBXFileReference; lastKnownFileType = text.plist.xml; path = Info.plist; sourceTree = "<group>"; };
		5176B1ED2202008E008B9F1E /* XCodeUnitTestingTests.xctest */ = {isa = PBXFileReference; explicitFileType = wrapper.cfbundle; includeInIndex = 0; path = XCodeUnitTestingTests.xctest; sourceTree = BUILT_PRODUCTS_DIR; };
		5176B1F12202008E008B9F1E /* XCodeUnitTestingTests.swift */ = {isa = PBXFileReference; lastKnownFileType = sourcecode.swift; path = XCodeUnitTestingTests.swift; sourceTree = "<group>"; };
		5176B1F32202008E008B9F1E /* Info.plist */ = {isa = PBXFileReference; lastKnownFileType = text.plist.xml; path = Info.plist; sourceTree = "<group>"; };
		5176B1F82202008E008B9F1E /* XCodeUnitTestingUITests.xctest */ = {isa = PBXFileReference; explicitFileType = wrapper.cfbundle; includeInIndex = 0; path = XCodeUnitTestingUITests.xctest; sourceTree = BUILT_PRODUCTS_DIR; };
		5176B1FC2202008E008B9F1E /* XCodeUnitTestingUITests.swift */ = {isa = PBXFileReference; lastKnownFileType = sourcecode.swift; path = XCodeUnitTestingUITests.swift; sourceTree = "<group>"; };
		5176B1FE2202008E008B9F1E /* Info.plist */ = {isa = PBXFileReference; lastKnownFileType = text.plist.xml; path = Info.plist; sourceTree = "<group>"; };
		5187C8A4220A66E8001B6118 /* XCodeUnitTesting-Bridging-Header.h */ = {isa = PBXFileReference; lastKnownFileType = sourcecode.c.h; path = "XCodeUnitTesting-Bridging-Header.h"; sourceTree = "<group>"; };
		5187C8A5220A66E9001B6118 /* MyObjectiveC.m */ = {isa = PBXFileReference; fileEncoding = 4; lastKnownFileType = sourcecode.c.objc; path = MyObjectiveC.m; sourceTree = "<group>"; };
		5187C8A7220A66F0001B6118 /* MyObjectiveC.h */ = {isa = PBXFileReference; lastKnownFileType = sourcecode.c.h; path = MyObjectiveC.h; sourceTree = "<group>"; };
		5187C8A8220A66FC001B6118 /* MyCPPClass.cpp */ = {isa = PBXFileReference; fileEncoding = 4; lastKnownFileType = sourcecode.cpp.cpp; path = MyCPPClass.cpp; sourceTree = "<group>"; };
		5187C8AA220A6704001B6118 /* MyCPPClass.hpp */ = {isa = PBXFileReference; lastKnownFileType = sourcecode.cpp.h; path = MyCPPClass.hpp; sourceTree = "<group>"; };
		5187C8AC220A6826001B6118 /* libPocoFoundation.60.dylib */ = {isa = PBXFileReference; lastKnownFileType = "compiled.mach-o.dylib"; name = libPocoFoundation.60.dylib; path = "../../Downloads/poco-1.9.0/cmake-build/lib/libPocoFoundation.60.dylib"; sourceTree = "<group>"; };
/* End PBXFileReference section */

/* Begin PBXFrameworksBuildPhase section */
		5176B1D62202008C008B9F1E /* Frameworks */ = {
			isa = PBXFrameworksBuildPhase;
			buildActionMask = 2147483647;
			files = (
			);
			runOnlyForDeploymentPostprocessing = 0;
		};
		5176B1EA2202008E008B9F1E /* Frameworks */ = {
			isa = PBXFrameworksBuildPhase;
			buildActionMask = 2147483647;
			files = (
			);
			runOnlyForDeploymentPostprocessing = 0;
		};
		5176B1F52202008E008B9F1E /* Frameworks */ = {
			isa = PBXFrameworksBuildPhase;
			buildActionMask = 2147483647;
			files = (
			);
			runOnlyForDeploymentPostprocessing = 0;
		};
/* End PBXFrameworksBuildPhase section */

/* Begin PBXGroup section */
		5176B1D02202008C008B9F1E = {
			isa = PBXGroup;
			children = (
				5176B1DB2202008C008B9F1E /* XCodeUnitTesting */,
				5176B1F02202008E008B9F1E /* XCodeUnitTestingTests */,
				5176B1FB2202008E008B9F1E /* XCodeUnitTestingUITests */,
				5176B1DA2202008C008B9F1E /* Products */,
				5187C8AB220A6826001B6118 /* Frameworks */,
			);
			sourceTree = "<group>";
		};
		5176B1DA2202008C008B9F1E /* Products */ = {
			isa = PBXGroup;
			children = (
				5176B1D92202008C008B9F1E /* XCodeUnitTesting.app */,
				5176B1ED2202008E008B9F1E /* XCodeUnitTestingTests.xctest */,
				5176B1F82202008E008B9F1E /* XCodeUnitTestingUITests.xctest */,
			);
			name = Products;
			sourceTree = "<group>";
		};
		5176B1DB2202008C008B9F1E /* XCodeUnitTesting */ = {
			isa = PBXGroup;
			children = (
				5187C8AA220A6704001B6118 /* MyCPPClass.hpp */,
				5187C8A8220A66FC001B6118 /* MyCPPClass.cpp */,
				5187C8A7220A66F0001B6118 /* MyObjectiveC.h */,
				5187C8A5220A66E9001B6118 /* MyObjectiveC.m */,
				5176B1DC2202008C008B9F1E /* AppDelegate.swift */,
				5176B1DE2202008C008B9F1E /* ViewController.swift */,
				5176B1E02202008C008B9F1E /* Main.storyboard */,
				5176B1E32202008E008B9F1E /* Assets.xcassets */,
				5176B1E52202008E008B9F1E /* LaunchScreen.storyboard */,
				5176B1E82202008E008B9F1E /* Info.plist */,
				5187C8A4220A66E8001B6118 /* XCodeUnitTesting-Bridging-Header.h */,
			);
			path = XCodeUnitTesting;
			sourceTree = "<group>";
		};
		5176B1F02202008E008B9F1E /* XCodeUnitTestingTests */ = {
			isa = PBXGroup;
			children = (
				5176B1F12202008E008B9F1E /* XCodeUnitTestingTests.swift */,
				5176B1F32202008E008B9F1E /* Info.plist */,
			);
			path = XCodeUnitTestingTests;
			sourceTree = "<group>";
		};
		5176B1FB2202008E008B9F1E /* XCodeUnitTestingUITests */ = {
			isa = PBXGroup;
			children = (
				5176B1FC2202008E008B9F1E /* XCodeUnitTestingUITests.swift */,
				5176B1FE2202008E008B9F1E /* Info.plist */,
				5119F28B22020E8D0060B268 /* TestMyApplication.swift */,
			);
			path = XCodeUnitTestingUITests;
			sourceTree = "<group>";
		};
		5187C8AB220A6826001B6118 /* Frameworks */ = {
			isa = PBXGroup;
			children = (
				5187C8AC220A6826001B6118 /* libPocoFoundation.60.dylib */,
			);
			name = Frameworks;
			sourceTree = "<group>";
		};
/* End PBXGroup section */

/* Begin PBXNativeTarget section */
		5176B1D82202008C008B9F1E /* XCodeUnitTesting */ = {
			isa = PBXNativeTarget;
			buildConfigurationList = 5176B2012202008E008B9F1E /* Build configuration list for PBXNativeTarget "XCodeUnitTesting" */;
			buildPhases = (
				5176B1D52202008C008B9F1E /* Sources */,
				5176B1D62202008C008B9F1E /* Frameworks */,
				5176B1D72202008C008B9F1E /* Resources */,
			);
			buildRules = (
			);
			dependencies = (
			);
			name = XCodeUnitTesting;
			productName = XCodeUnitTesting;
			productReference = 5176B1D92202008C008B9F1E /* XCodeUnitTesting.app */;
			productType = "com.apple.product-type.application";
		};
		5176B1EC2202008E008B9F1E /* XCodeUnitTestingTests */ = {
			isa = PBXNativeTarget;
			buildConfigurationList = 5176B2042202008E008B9F1E /* Build configuration list for PBXNativeTarget "XCodeUnitTestingTests" */;
			buildPhases = (
				5176B1E92202008E008B9F1E /* Sources */,
				5176B1EA2202008E008B9F1E /* Frameworks */,
				5176B1EB2202008E008B9F1E /* Resources */,
			);
			buildRules = (
			);
			dependencies = (
				5176B1EF2202008E008B9F1E /* PBXTargetDependency */,
			);
			name = XCodeUnitTestingTests;
			productName = XCodeUnitTestingTests;
			productReference = 5176B1ED2202008E008B9F1E /* XCodeUnitTestingTests.xctest */;
			productType = "com.apple.product-type.bundle.unit-test";
		};
		5176B1F72202008E008B9F1E /* XCodeUnitTestingUITests */ = {
			isa = PBXNativeTarget;
			buildConfigurationList = 5176B2072202008E008B9F1E /* Build configuration list for PBXNativeTarget "XCodeUnitTestingUITests" */;
			buildPhases = (
				5176B1F42202008E008B9F1E /* Sources */,
				5176B1F52202008E008B9F1E /* Frameworks */,
				5176B1F62202008E008B9F1E /* Resources */,
			);
			buildRules = (
			);
			dependencies = (
				5176B1FA2202008E008B9F1E /* PBXTargetDependency */,
			);
			name = XCodeUnitTestingUITests;
			productName = XCodeUnitTestingUITests;
			productReference = 5176B1F82202008E008B9F1E /* XCodeUnitTestingUITests.xctest */;
			productType = "com.apple.product-type.bundle.ui-testing";
		};
/* End PBXNativeTarget section */

/* Begin PBXProject section */
		5176B1D12202008C008B9F1E /* Project object */ = {
			isa = PBXProject;
			attributes = {
				LastSwiftUpdateCheck = 1010;
				LastUpgradeCheck = 1010;
				ORGANIZATIONNAME = "Eric Torunski";
				TargetAttributes = {
					5176B1D82202008C008B9F1E = {
						CreatedOnToolsVersion = 10.1;
						LastSwiftMigration = 1010;
					};
					5176B1EC2202008E008B9F1E = {
						CreatedOnToolsVersion = 10.1;
						TestTargetID = 5176B1D82202008C008B9F1E;
					};
					5176B1F72202008E008B9F1E = {
						CreatedOnToolsVersion = 10.1;
						TestTargetID = 5176B1D82202008C008B9F1E;
					};
				};
			};
			buildConfigurationList = 5176B1D42202008C008B9F1E /* Build configuration list for PBXProject "XCodeUnitTesting" */;
			compatibilityVersion = "Xcode 9.3";
			developmentRegion = en;
			hasScannedForEncodings = 0;
			knownRegions = (
				en,
				Base,
			);
			mainGroup = 5176B1D02202008C008B9F1E;
			productRefGroup = 5176B1DA2202008C008B9F1E /* Products */;
			projectDirPath = "";
			projectRoot = "";
			targets = (
				5176B1D82202008C008B9F1E /* XCodeUnitTesting */,
				5176B1EC2202008E008B9F1E /* XCodeUnitTestingTests */,
				5176B1F72202008E008B9F1E /* XCodeUnitTestingUITests */,
			);
		};
/* End PBXProject section */

/* Begin PBXResourcesBuildPhase section */
		5176B1D72202008C008B9F1E /* Resources */ = {
			isa = PBXResourcesBuildPhase;
			buildActionMask = 2147483647;
			files = (
				5176B1E72202008E008B9F1E /* LaunchScreen.storyboard in Resources */,
				5176B1E42202008E008B9F1E /* Assets.xcassets in Resources */,
				5176B1E22202008C008B9F1E /* Main.storyboard in Resources */,
			);
			runOnlyForDeploymentPostprocessing = 0;
		};
		5176B1EB2202008E008B9F1E /* Resources */ = {
			isa = PBXResourcesBuildPhase;
			buildActionMask = 2147483647;
			files = (
			);
			runOnlyForDeploymentPostprocessing = 0;
		};
		5176B1F62202008E008B9F1E /* Resources */ = {
			isa = PBXResourcesBuildPhase;
			buildActionMask = 2147483647;
			files = (
			);
			runOnlyForDeploymentPostprocessing = 0;
		};
/* End PBXResourcesBuildPhase section */

/* Begin PBXSourcesBuildPhase section */
		5176B1D52202008C008B9F1E /* Sources */ = {
			isa = PBXSourcesBuildPhase;
			buildActionMask = 2147483647;
			files = (
				5176B1DF2202008C008B9F1E /* ViewController.swift in Sources */,
				5187C8A6220A66E9001B6118 /* MyObjectiveC.m in Sources */,
				5187C8A9220A66FC001B6118 /* MyCPPClass.cpp in Sources */,
				5176B1DD2202008C008B9F1E /* AppDelegate.swift in Sources */,
			);
			runOnlyForDeploymentPostprocessing = 0;
		};
		5176B1E92202008E008B9F1E /* Sources */ = {
			isa = PBXSourcesBuildPhase;
			buildActionMask = 2147483647;
			files = (
				5176B1F22202008E008B9F1E /* XCodeUnitTestingTests.swift in Sources */,
			);
			runOnlyForDeploymentPostprocessing = 0;
		};
		5176B1F42202008E008B9F1E /* Sources */ = {
			isa = PBXSourcesBuildPhase;
			buildActionMask = 2147483647;
			files = (
				5119F28C22020E8D0060B268 /* TestMyApplication.swift in Sources */,
				5176B1FD2202008E008B9F1E /* XCodeUnitTestingUITests.swift in Sources */,
			);
			runOnlyForDeploymentPostprocessing = 0;
		};
/* End PBXSourcesBuildPhase section */

/* Begin PBXTargetDependency section */
		5176B1EF2202008E008B9F1E /* PBXTargetDependency */ = {
			isa = PBXTargetDependency;
			target = 5176B1D82202008C008B9F1E /* XCodeUnitTesting */;
			targetProxy = 5176B1EE2202008E008B9F1E /* PBXContainerItemProxy */;
		};
		5176B1FA2202008E008B9F1E /* PBXTargetDependency */ = {
			isa = PBXTargetDependency;
			target = 5176B1D82202008C008B9F1E /* XCodeUnitTesting */;
			targetProxy = 5176B1F92202008E008B9F1E /* PBXContainerItemProxy */;
		};
/* End PBXTargetDependency section */

/* Begin PBXVariantGroup section */
		5176B1E02202008C008B9F1E /* Main.storyboard */ = {
			isa = PBXVariantGroup;
			children = (
				5176B1E12202008C008B9F1E /* Base */,
			);
			name = Main.storyboard;
			sourceTree = "<group>";
		};
		5176B1E52202008E008B9F1E /* LaunchScreen.storyboard */ = {
			isa = PBXVariantGroup;
			children = (
				5176B1E62202008E008B9F1E /* Base */,
			);
			name = LaunchScreen.storyboard;
			sourceTree = "<group>";
		};
/* End PBXVariantGroup section */

/* Begin XCBuildConfiguration section */
		5176B1FF2202008E008B9F1E /* Debug */ = {
			isa = XCBuildConfiguration;
			buildSettings = {
				ALWAYS_SEARCH_USER_PATHS = NO;
				CLANG_ANALYZER_NONNULL = YES;
				CLANG_ANALYZER_NUMBER_OBJECT_CONVERSION = YES_AGGRESSIVE;
				CLANG_CXX_LANGUAGE_STANDARD = "gnu++14";
				CLANG_CXX_LIBRARY = "libc++";
				CLANG_ENABLE_MODULES = YES;
				CLANG_ENABLE_OBJC_ARC = YES;
				CLANG_ENABLE_OBJC_WEAK = YES;
				CLANG_WARN_BLOCK_CAPTURE_AUTORELEASING = YES;
				CLANG_WARN_BOOL_CONVERSION = YES;
				CLANG_WARN_COMMA = YES;
				CLANG_WARN_CONSTANT_CONVERSION = YES;
				CLANG_WARN_DEPRECATED_OBJC_IMPLEMENTATIONS = YES;
				CLANG_WARN_DIRECT_OBJC_ISA_USAGE = YES_ERROR;
				CLANG_WARN_DOCUMENTATION_COMMENTS = YES;
				CLANG_WARN_EMPTY_BODY = YES;
				CLANG_WARN_ENUM_CONVERSION = YES;
				CLANG_WARN_INFINITE_RECURSION = YES;
				CLANG_WARN_INT_CONVERSION = YES;
				CLANG_WARN_NON_LITERAL_NULL_CONVERSION = YES;
				CLANG_WARN_OBJC_IMPLICIT_RETAIN_SELF = YES;
				CLANG_WARN_OBJC_LITERAL_CONVERSION = YES;
				CLANG_WARN_OBJC_ROOT_CLASS = YES_ERROR;
				CLANG_WARN_RANGE_LOOP_ANALYSIS = YES;
				CLANG_WARN_STRICT_PROTOTYPES = YES;
				CLANG_WARN_SUSPICIOUS_MOVE = YES;
				CLANG_WARN_UNGUARDED_AVAILABILITY = YES_AGGRESSIVE;
				CLANG_WARN_UNREACHABLE_CODE = YES;
				CLANG_WARN__DUPLICATE_METHOD_MATCH = YES;
				CODE_SIGN_IDENTITY = "iPhone Developer";
				COPY_PHASE_STRIP = NO;
				DEBUG_INFORMATION_FORMAT = dwarf;
				ENABLE_STRICT_OBJC_MSGSEND = YES;
				ENABLE_TESTABILITY = YES;
				GCC_C_LANGUAGE_STANDARD = gnu11;
				GCC_DYNAMIC_NO_PIC = NO;
				GCC_NO_COMMON_BLOCKS = YES;
				GCC_OPTIMIZATION_LEVEL = 0;
				GCC_PREPROCESSOR_DEFINITIONS = (
					"DEBUG=1",
					"$(inherited)",
				);
				GCC_WARN_64_TO_32_BIT_CONVERSION = YES;
				GCC_WARN_ABOUT_RETURN_TYPE = YES_ERROR;
				GCC_WARN_UNDECLARED_SELECTOR = YES;
				GCC_WARN_UNINITIALIZED_AUTOS = YES_AGGRESSIVE;
				GCC_WARN_UNUSED_FUNCTION = YES;
				GCC_WARN_UNUSED_VARIABLE = YES;
				HEADER_SEARCH_PATHS = "/Users/etorunski/Downloads/poco-1.9.0/Foundation/include";
				IPHONEOS_DEPLOYMENT_TARGET = 12.1;
				LIBRARY_SEARCH_PATHS = "/Users/etorunski/Downloads/poco-1.9.0/cmake-build/lib";
				MTL_ENABLE_DEBUG_INFO = INCLUDE_SOURCE;
				MTL_FAST_MATH = YES;
				ONLY_ACTIVE_ARCH = YES;
				SDKROOT = iphoneos;
				SWIFT_ACTIVE_COMPILATION_CONDITIONS = DEBUG;
				SWIFT_OPTIMIZATION_LEVEL = "-Onone";
			};
			name = Debug;
		};
		5176B2002202008E008B9F1E /* Release */ = {
			isa = XCBuildConfiguration;
			buildSettings = {
				ALWAYS_SEARCH_USER_PATHS = NO;
				CLANG_ANALYZER_NONNULL = YES;
				CLANG_ANALYZER_NUMBER_OBJECT_CONVERSION = YES_AGGRESSIVE;
				CLANG_CXX_LANGUAGE_STANDARD = "gnu++14";
				CLANG_CXX_LIBRARY = "libc++";
				CLANG_ENABLE_MODULES = YES;
				CLANG_ENABLE_OBJC_ARC = YES;
				CLANG_ENABLE_OBJC_WEAK = YES;
				CLANG_WARN_BLOCK_CAPTURE_AUTORELEASING = YES;
				CLANG_WARN_BOOL_CONVERSION = YES;
				CLANG_WARN_COMMA = YES;
				CLANG_WARN_CONSTANT_CONVERSION = YES;
				CLANG_WARN_DEPRECATED_OBJC_IMPLEMENTATIONS = YES;
				CLANG_WARN_DIRECT_OBJC_ISA_USAGE = YES_ERROR;
				CLANG_WARN_DOCUMENTATION_COMMENTS = YES;
				CLANG_WARN_EMPTY_BODY = YES;
				CLANG_WARN_ENUM_CONVERSION = YES;
				CLANG_WARN_INFINITE_RECURSION = YES;
				CLANG_WARN_INT_CONVERSION = YES;
				CLANG_WARN_NON_LITERAL_NULL_CONVERSION = YES;
				CLANG_WARN_OBJC_IMPLICIT_RETAIN_SELF = YES;
				CLANG_WARN_OBJC_LITERAL_CONVERSION = YES;
				CLANG_WARN_OBJC_ROOT_CLASS = YES_ERROR;
				CLANG_WARN_RANGE_LOOP_ANALYSIS = YES;
				CLANG_WARN_STRICT_PROTOTYPES = YES;
				CLANG_WARN_SUSPICIOUS_MOVE = YES;
				CLANG_WARN_UNGUARDED_AVAILABILITY = YES_AGGRESSIVE;
				CLANG_WARN_UNREACHABLE_CODE = YES;
				CLANG_WARN__DUPLICATE_METHOD_MATCH = YES;
				CODE_SIGN_IDENTITY = "iPhone Developer";
				COPY_PHASE_STRIP = NO;
				DEBUG_INFORMATION_FORMAT = "dwarf-with-dsym";
				ENABLE_NS_ASSERTIONS = NO;
				ENABLE_STRICT_OBJC_MSGSEND = YES;
				GCC_C_LANGUAGE_STANDARD = gnu11;
				GCC_NO_COMMON_BLOCKS = YES;
				GCC_WARN_64_TO_32_BIT_CONVERSION = YES;
				GCC_WARN_ABOUT_RETURN_TYPE = YES_ERROR;
				GCC_WARN_UNDECLARED_SELECTOR = YES;
				GCC_WARN_UNINITIALIZED_AUTOS = YES_AGGRESSIVE;
				GCC_WARN_UNUSED_FUNCTION = YES;
				GCC_WARN_UNUSED_VARIABLE = YES;
				HEADER_SEARCH_PATHS = "/Users/etorunski/Downloads/poco-1.9.0/Foundation/include";
				IPHONEOS_DEPLOYMENT_TARGET = 12.1;
				LIBRARY_SEARCH_PATHS = "/Users/etorunski/Downloads/poco-1.9.0/cmake-build/lib";
				MTL_ENABLE_DEBUG_INFO = NO;
				MTL_FAST_MATH = YES;
				SDKROOT = iphoneos;
				SWIFT_COMPILATION_MODE = wholemodule;
				SWIFT_OPTIMIZATION_LEVEL = "-O";
				VALIDATE_PRODUCT = YES;
			};
			name = Release;
		};
		5176B2022202008E008B9F1E /* Debug */ = {
			isa = XCBuildConfiguration;
			buildSettings = {
				ASSETCATALOG_COMPILER_APPICON_NAME = AppIcon;
				CLANG_ENABLE_MODULES = YES;
				CODE_SIGN_STYLE = Automatic;
				DEVELOPMENT_TEAM = V94L67MHG8;
				HEADER_SEARCH_PATHS = /Users/etorunski/Downloads/boost_1_69_0/;
				INFOPLIST_FILE = XCodeUnitTesting/Info.plist;
				IPHONEOS_DEPLOYMENT_TARGET = 9.0;
				LD_RUNPATH_SEARCH_PATHS = (
					"$(inherited)",
					"@executable_path/Frameworks",
				);
				LIBRARY_SEARCH_PATHS = "";
				PRODUCT_BUNDLE_IDENTIFIER = com.algonquincollege.madd.XCodeUnitTesting;
				PRODUCT_NAME = "$(TARGET_NAME)";
				SWIFT_OBJC_BRIDGING_HEADER = "XCodeUnitTesting/XCodeUnitTesting-Bridging-Header.h";
				SWIFT_OPTIMIZATION_LEVEL = "-Onone";
				SWIFT_VERSION = 4.2;
				TARGETED_DEVICE_FAMILY = "1,2";
			};
			name = Debug;
		};
		5176B2032202008E008B9F1E /* Release */ = {
			isa = XCBuildConfiguration;
			buildSettings = {
				ASSETCATALOG_COMPILER_APPICON_NAME = AppIcon;
				CLANG_ENABLE_MODULES = YES;
				CODE_SIGN_STYLE = Automatic;
				DEVELOPMENT_TEAM = V94L67MHG8;
				HEADER_SEARCH_PATHS = /Users/etorunski/Downloads/boost_1_69_0/;
				INFOPLIST_FILE = XCodeUnitTesting/Info.plist;
				IPHONEOS_DEPLOYMENT_TARGET = 9.0;
				LD_RUNPATH_SEARCH_PATHS = (
					"$(inherited)",
					"@executable_path/Frameworks",
				);
				LIBRARY_SEARCH_PATHS = "";
				PRODUCT_BUNDLE_IDENTIFIER = com.algonquincollege.madd.XCodeUnitTesting;
				PRODUCT_NAME = "$(TARGET_NAME)";
				SWIFT_OBJC_BRIDGING_HEADER = "XCodeUnitTesting/XCodeUnitTesting-Bridging-Header.h";
				SWIFT_VERSION = 4.2;
				TARGETED_DEVICE_FAMILY = "1,2";
			};
			name = Release;
		};
		5176B2052202008E008B9F1E /* Debug */ = {
			isa = XCBuildConfiguration;
			buildSettings = {
				ALWAYS_EMBED_SWIFT_STANDARD_LIBRARIES = YES;
				BUNDLE_LOADER = "$(TEST_HOST)";
				CODE_SIGN_STYLE = Automatic;
				INFOPLIST_FILE = XCodeUnitTestingTests/Info.plist;
				LD_RUNPATH_SEARCH_PATHS = (
					"$(inherited)",
					"@executable_path/Frameworks",
					"@loader_path/Frameworks",
				);
				PRODUCT_BUNDLE_IDENTIFIER = com.algonquincollege.madd.XCodeUnitTestingTests;
				PRODUCT_NAME = "$(TARGET_NAME)";
				SWIFT_VERSION = 4.2;
				TARGETED_DEVICE_FAMILY = "1,2";
				TEST_HOST = "$(BUILT_PRODUCTS_DIR)/XCodeUnitTesting.app/XCodeUnitTesting";
			};
			name = Debug;
		};
		5176B2062202008E008B9F1E /* Release */ = {
			isa = XCBuildConfiguration;
			buildSettings = {
				ALWAYS_EMBED_SWIFT_STANDARD_LIBRARIES = YES;
				BUNDLE_LOADER = "$(TEST_HOST)";
				CODE_SIGN_STYLE = Automatic;
				INFOPLIST_FILE = XCodeUnitTestingTests/Info.plist;
				LD_RUNPATH_SEARCH_PATHS = (
					"$(inherited)",
					"@executable_path/Frameworks",
					"@loader_path/Frameworks",
				);
				PRODUCT_BUNDLE_IDENTIFIER = com.algonquincollege.madd.XCodeUnitTestingTests;
				PRODUCT_NAME = "$(TARGET_NAME)";
				SWIFT_VERSION = 4.2;
				TARGETED_DEVICE_FAMILY = "1,2";
				TEST_HOST = "$(BUILT_PRODUCTS_DIR)/XCodeUnitTesting.app/XCodeUnitTesting";
			};
			name = Release;
		};
		5176B2082202008E008B9F1E /* Debug */ = {
			isa = XCBuildConfiguration;
			buildSettings = {
				ALWAYS_EMBED_SWIFT_STANDARD_LIBRARIES = YES;
				CODE_SIGN_STYLE = Automatic;
				INFOPLIST_FILE = XCodeUnitTestingUITests/Info.plist;
				LD_RUNPATH_SEARCH_PATHS = (
					"$(inherited)",
					"@executable_path/Frameworks",
					"@loader_path/Frameworks",
				);
				PRODUCT_BUNDLE_IDENTIFIER = com.algonquincollege.madd.XCodeUnitTestingUITests;
				PRODUCT_NAME = "$(TARGET_NAME)";
				SWIFT_VERSION = 4.2;
				TARGETED_DEVICE_FAMILY = "1,2";
				TEST_TARGET_NAME = XCodeUnitTesting;
			};
			name = Debug;
		};
		5176B2092202008E008B9F1E /* Release */ = {
			isa = XCBuildConfiguration;
			buildSettings = {
				ALWAYS_EMBED_SWIFT_STANDARD_LIBRARIES = YES;
				CODE_SIGN_STYLE = Automatic;
				INFOPLIST_FILE = XCodeUnitTestingUITests/Info.plist;
				LD_RUNPATH_SEARCH_PATHS = (
					"$(inherited)",
					"@executable_path/Frameworks",
					"@loader_path/Frameworks",
				);
				PRODUCT_BUNDLE_IDENTIFIER = com.algonquincollege.madd.XCodeUnitTestingUITests;
				PRODUCT_NAME = "$(TARGET_NAME)";
				SWIFT_VERSION = 4.2;
				TARGETED_DEVICE_FAMILY = "1,2";
				TEST_TARGET_NAME = XCodeUnitTesting;
			};
			name = Release;
		};
/* End XCBuildConfiguration section */

/* Begin XCConfigurationList section */
		5176B1D42202008C008B9F1E /* Build configuration list for PBXProject "XCodeUnitTesting" */ = {
			isa = XCConfigurationList;
			buildConfigurations = (
				5176B1FF2202008E008B9F1E /* Debug */,
				5176B2002202008E008B9F1E /* Release */,
			);
			defaultConfigurationIsVisible = 0;
			defaultConfigurationName = Release;
		};
		5176B2012202008E008B9F1E /* Build configuration list for PBXNativeTarget "XCodeUnitTesting" */ = {
			isa = XCConfigurationList;
			buildConfigurations = (
				5176B2022202008E008B9F1E /* Debug */,
				5176B2032202008E008B9F1E /* Release */,
			);
			defaultConfigurationIsVisible = 0;
			defaultConfigurationName = Release;
		};
		5176B2042202008E008B9F1E /* Build configuration list for PBXNativeTarget "XCodeUnitTestingTests" */ = {
			isa = XCConfigurationList;
			buildConfigurations = (
				5176B2052202008E008B9F1E /* Debug */,
				5176B2062202008E008B9F1E /* Release */,
			);
			defaultConfigurationIsVisible = 0;
			defaultConfigurationName = Release;
		};
		5176B2072202008E008B9F1E /* Build configuration list for PBXNativeTarget "XCodeUnitTestingUITests" */ = {
			isa = XCConfigurationList;
			buildConfigurations = (
				5176B2082202008E008B9F1E /* Debug */,
				5176B2092202008E008B9F1E /* Release */,
			);
			defaultConfigurationIsVisible = 0;
			defaultConfigurationName = Release;
		};
/* End XCConfigurationList section */
	};
	rootObject = 5176B1D12202008C008B9F1E /* Project object */;
}
